
Microsoft Visual Studio Solution File, Format Version 12.00
# Visual Studio Version 16
VisualStudioVersion = 16.0.29209.62
MinimumVisualStudioVersion = 10.0.40219.1
Project("{888888A0-9F3D-457C-B088-3A5042F75D52}") = "core", "Core\core.pyproj", "{DB4FBCE8-41A6-4150-9539-A61850AAF16D}"
EndProject
Project("{888888A0-9F3D-457C-B088-3A5042F75D52}") = "tests", "Tests\tests.pyproj", "{91499CEF-F20C-48A6-8000-0ED6535DB741}"
EndProject
Project("{2150E333-8FDC-42A3-9474-1A3956D46DE8}") = "Solution Items", "Solution Items", "{01EE4F2B-68FE-43B2-9831-6ED8C4A354F6}"
	ProjectSection(SolutionItems) = preProject
		dockerfile\dockerbuildrun.cmd = dockerfile\dockerbuildrun.cmd
		dockerfile\dockerfile = dockerfile\dockerfile
		Core\requirements.txt = Core\requirements.txt
	EndProjectSection
EndProject
Global
	GlobalSection(SolutionConfigurationPlatforms) = preSolution
		Debug|Any CPU = Debug|Any CPU
		Release|Any CPU = Release|Any CPU
	EndGlobalSection
	GlobalSection(ProjectConfigurationPlatforms) = postSolution
		{DB4FBCE8-41A6-4150-9539-A61850AAF16D}.Debug|Any CPU.ActiveCfg = Debug|Any CPU
		{DB4FBCE8-41A6-4150-9539-A61850AAF16D}.Release|Any CPU.ActiveCfg = Release|Any CPU
		{91499CEF-F20C-48A6-8000-0ED6535DB741}.Debug|Any CPU.ActiveCfg = Debug|Any CPU
		{91499CEF-F20C-48A6-8000-0ED6535DB741}.Release|Any CPU.ActiveCfg = Release|Any CPU
	EndGlobalSection
	GlobalSection(SolutionProperties) = preSolution
		HideSolutionNode = FALSE
	EndGlobalSection
	GlobalSection(ExtensibilityGlobals) = postSolution
		SolutionGuid = {5FFD1C4D-8395-4269-9CC7-A20B8772DD91}
	EndGlobalSection
EndGlobal
